
Microsoft Visual Studio Solution File, Format Version 12.00
# Visual Studio Version 17
VisualStudioVersion = 17.9.34728.123
MinimumVisualStudioVersion = 10.0.40219.1
Project("{FAE04EC0-301F-11D3-BF4B-00C04F79EFBC}") = "V1E6", "V1E6\V1E6.csproj", "{B9033AE9-1E8E-4F8A-8486-DCB5EDAC51B1}"
EndProject
Global
	GlobalSection(SolutionConfigurationPlatforms) = preSolution
		Debug|Any CPU = Debug|Any CPU
		Release|Any CPU = Release|Any CPU
	EndGlobalSection
	GlobalSection(ProjectConfigurationPlatforms) = postSolution
		{B9033AE9-1E8E-4F8A-8486-DCB5EDAC51B1}.Debug|Any CPU.ActiveCfg = Debug|Any CPU
		{B9033AE9-1E8E-4F8A-8486-DCB5EDAC51B1}.Debug|Any CPU.Build.0 = Debug|Any CPU
		{B9033AE9-1E8E-4F8A-8486-DCB5EDAC51B1}.Release|Any CPU.ActiveCfg = Release|Any CPU
		{B9033AE9-1E8E-4F8A-8486-DCB5EDAC51B1}.Release|Any CPU.Build.0 = Release|Any CPU
	EndGlobalSection
	GlobalSection(SolutionProperties) = preSolution
		HideSolutionNode = FALSE
	EndGlobalSection
	GlobalSection(ExtensibilityGlobals) = postSolution
		SolutionGuid = {04623392-BFF5-44C1-995E-37B377675C8E}
	EndGlobalSection
EndGlobal
